// !$*UTF8*$!
{
	archiveVersion = 1;
	classes = {
	};
	objectVersion = 55;
	objects = {

/* Begin PBXBuildFile section */
		0422D41D2909165B00F9F223 /* GoogleService-Info.plist in Resources */ = {isa = PBXBuildFile; fileRef = 0422D41C2909165B00F9F223 /* GoogleService-Info.plist */; };
		0422D4202909369D00F9F223 /* AuthService.swift in Sources */ = {isa = PBXBuildFile; fileRef = 0422D41F2909369D00F9F223 /* AuthService.swift */; };
		0422D4222909448400F9F223 /* Validation.swift in Sources */ = {isa = PBXBuildFile; fileRef = 0422D4212909448300F9F223 /* Validation.swift */; };
		043BF6322906974B00A7068C /* InsertableTextField.swift in Sources */ = {isa = PBXBuildFile; fileRef = 043BF6312906974B00A7068C /* InsertableTextField.swift */; };
		043BF6342906A26100A7068C /* SectionHeaderView.swift in Sources */ = {isa = PBXBuildFile; fileRef = 043BF6332906A26100A7068C /* SectionHeaderView.swift */; };
		043BF6362906B3B700A7068C /* UserCell.swift in Sources */ = {isa = PBXBuildFile; fileRef = 043BF6352906B3B700A7068C /* UserCell.swift */; };
		044145B928FEAE3C00891C94 /* CompositionalLayout.swift in Sources */ = {isa = PBXBuildFile; fileRef = 044145B828FEAE3C00891C94 /* CompositionalLayout.swift */; };
		045F8C9D28F711570012316D /* UITextField+Extensions.swift in Sources */ = {isa = PBXBuildFile; fileRef = 045F8C9C28F711570012316D /* UITextField+Extensions.swift */; };
		045F8CC028F729360012316D /* LoginViewController.swift in Sources */ = {isa = PBXBuildFile; fileRef = 045F8CBF28F729360012316D /* LoginViewController.swift */; };
		0465B98E28F5D80D00E51CAF /* UIStackView+Extension.swift in Sources */ = {isa = PBXBuildFile; fileRef = 0465B98D28F5D80D00E51CAF /* UIStackView+Extension.swift */; };
		0465B99228F5E05300E51CAF /* SignUpViewController.swift in Sources */ = {isa = PBXBuildFile; fileRef = 0465B99128F5E05300E51CAF /* SignUpViewController.swift */; };
		0465B99428F5E20300E51CAF /* TextFieldFormView.swift in Sources */ = {isa = PBXBuildFile; fileRef = 0465B99328F5E20300E51CAF /* TextFieldFormView.swift */; };
		0468B27C28F96BE8002DB71E /* SetupProfileViewController.swift in Sources */ = {isa = PBXBuildFile; fileRef = 0468B27B28F96BE8002DB71E /* SetupProfileViewController.swift */; };
		0468B27E28F96F59002DB71E /* SegmentedFormView.swift in Sources */ = {isa = PBXBuildFile; fileRef = 0468B27D28F96F59002DB71E /* SegmentedFormView.swift */; };
		0468B28428F97CA7002DB71E /* AddPhotoView.swift in Sources */ = {isa = PBXBuildFile; fileRef = 0468B28328F97CA7002DB71E /* AddPhotoView.swift */; };
		0468B28628F98457002DB71E /* UISegmentedControll.swift in Sources */ = {isa = PBXBuildFile; fileRef = 0468B28528F98457002DB71E /* UISegmentedControll.swift */; };
		0468B28928F9B2F7002DB71E /* MainVC.swift in Sources */ = {isa = PBXBuildFile; fileRef = 0468B28828F9B2F7002DB71E /* MainVC.swift */; };
		0468B28B28F9B31B002DB71E /* PeopleVC.swift in Sources */ = {isa = PBXBuildFile; fileRef = 0468B28A28F9B31B002DB71E /* PeopleVC.swift */; };
		0468B28D28F9B34B002DB71E /* ConversationsVC.swift in Sources */ = {isa = PBXBuildFile; fileRef = 0468B28C28F9B34B002DB71E /* ConversationsVC.swift */; };
		0473E02B29085BC900D0F097 /* UIViewController+Extension.swift in Sources */ = {isa = PBXBuildFile; fileRef = 0473E02A29085BC900D0F097 /* UIViewController+Extension.swift */; };
		04A3619629018F0D00B51981 /* ProfileVC.swift in Sources */ = {isa = PBXBuildFile; fileRef = 04A3619529018F0D00B51981 /* ProfileVC.swift */; };
		04A361982901B69700B51981 /* ChatRequestVC.swift in Sources */ = {isa = PBXBuildFile; fileRef = 04A361972901B69700B51981 /* ChatRequestVC.swift */; };
		04AE645B2900627E008E53BF /* ConfiguringCell.swift in Sources */ = {isa = PBXBuildFile; fileRef = 04AE645A2900627E008E53BF /* ConfiguringCell.swift */; };
		04AE645D2900646C008E53BF /* MUser.swift in Sources */ = {isa = PBXBuildFile; fileRef = 04AE645C2900646C008E53BF /* MUser.swift */; };
		04C510DD290012A900C4DDF5 /* MChat.swift in Sources */ = {isa = PBXBuildFile; fileRef = 04C510DC290012A900C4DDF5 /* MChat.swift */; };
		04C510E02900284C00C4DDF5 /* WaitingChatCell.swift in Sources */ = {isa = PBXBuildFile; fileRef = 04C510DF2900284C00C4DDF5 /* WaitingChatCell.swift */; };
		04C510E329002A2000C4DDF5 /* ActiveChatCell.swift in Sources */ = {isa = PBXBuildFile; fileRef = 04C510E229002A2000C4DDF5 /* ActiveChatCell.swift */; };
		04D691AC290A741700DBE1C2 /* FirestoreService.swift in Sources */ = {isa = PBXBuildFile; fileRef = 04D691AB290A741700DBE1C2 /* FirestoreService.swift */; };
		04D691AE290A77A300DBE1C2 /* UserErrors.swift in Sources */ = {isa = PBXBuildFile; fileRef = 04D691AD290A77A300DBE1C2 /* UserErrors.swift */; };
		04DD72AB28F464C400D01DD0 /* AppDelegate.swift in Sources */ = {isa = PBXBuildFile; fileRef = 04DD72AA28F464C400D01DD0 /* AppDelegate.swift */; };
		04DD72AD28F464C400D01DD0 /* SceneDelegate.swift in Sources */ = {isa = PBXBuildFile; fileRef = 04DD72AC28F464C400D01DD0 /* SceneDelegate.swift */; };
		04DD72AF28F464C400D01DD0 /* AuthViewController.swift in Sources */ = {isa = PBXBuildFile; fileRef = 04DD72AE28F464C400D01DD0 /* AuthViewController.swift */; };
		04DD72B428F464C600D01DD0 /* Assets.xcassets in Resources */ = {isa = PBXBuildFile; fileRef = 04DD72B328F464C600D01DD0 /* Assets.xcassets */; };
		04DD72B728F464C600D01DD0 /* LaunchScreen.storyboard in Resources */ = {isa = PBXBuildFile; fileRef = 04DD72B528F464C600D01DD0 /* LaunchScreen.storyboard */; };
		04DD72C128F4716300D01DD0 /* UIButton+Extension.swift in Sources */ = {isa = PBXBuildFile; fileRef = 04DD72C028F4716300D01DD0 /* UIButton+Extension.swift */; };
		04DD72C328F4739200D01DD0 /* UIFont+Extension.swift in Sources */ = {isa = PBXBuildFile; fileRef = 04DD72C228F4739200D01DD0 /* UIFont+Extension.swift */; };
		04DD72C828F47AD100D01DD0 /* UILabel+Extension.swift in Sources */ = {isa = PBXBuildFile; fileRef = 04DD72C728F47AD100D01DD0 /* UILabel+Extension.swift */; };
		04DD72CA28F47B6700D01DD0 /* UIImageView+Extension.swift in Sources */ = {isa = PBXBuildFile; fileRef = 04DD72C928F47B6700D01DD0 /* UIImageView+Extension.swift */; };
		04DD72CD28F4815300D01DD0 /* ButtonFormView.swift in Sources */ = {isa = PBXBuildFile; fileRef = 04DD72CC28F4815300D01DD0 /* ButtonFormView.swift */; };
		04EE326B29094937002FD08A /* AuthErrors.swift in Sources */ = {isa = PBXBuildFile; fileRef = 04EE326A29094937002FD08A /* AuthErrors.swift */; };
		04EE326E29095026002FD08A /* AuthNavigationDelegate.swift in Sources */ = {isa = PBXBuildFile; fileRef = 04EE326D29095026002FD08A /* AuthNavigationDelegate.swift */; };
		A94D899E366F25CDA2DF57FF /* Pods_iChatApp.framework in Frameworks */ = {isa = PBXBuildFile; fileRef = D45A5C7B8ABE4FDAB4576DB6 /* Pods_iChatApp.framework */; };
/* End PBXBuildFile section */

/* Begin PBXFileReference section */
		0422D41C2909165B00F9F223 /* GoogleService-Info.plist */ = {isa = PBXFileReference; fileEncoding = 4; lastKnownFileType = text.plist.xml; path = "GoogleService-Info.plist"; sourceTree = "<group>"; };
		0422D41F2909369D00F9F223 /* AuthService.swift */ = {isa = PBXFileReference; lastKnownFileType = sourcecode.swift; path = AuthService.swift; sourceTree = "<group>"; };
		0422D4212909448300F9F223 /* Validation.swift */ = {isa = PBXFileReference; lastKnownFileType = sourcecode.swift; path = Validation.swift; sourceTree = "<group>"; };
		043BF6312906974B00A7068C /* InsertableTextField.swift */ = {isa = PBXFileReference; lastKnownFileType = sourcecode.swift; path = InsertableTextField.swift; sourceTree = "<group>"; };
		043BF6332906A26100A7068C /* SectionHeaderView.swift */ = {isa = PBXFileReference; lastKnownFileType = sourcecode.swift; path = SectionHeaderView.swift; sourceTree = "<group>"; };
		043BF6352906B3B700A7068C /* UserCell.swift */ = {isa = PBXFileReference; lastKnownFileType = sourcecode.swift; path = UserCell.swift; sourceTree = "<group>"; };
		044145B828FEAE3C00891C94 /* CompositionalLayout.swift */ = {isa = PBXFileReference; lastKnownFileType = sourcecode.swift; path = CompositionalLayout.swift; sourceTree = "<group>"; };
		045F8C9C28F711570012316D /* UITextField+Extensions.swift */ = {isa = PBXFileReference; lastKnownFileType = sourcecode.swift; path = "UITextField+Extensions.swift"; sourceTree = "<group>"; };
		045F8CBF28F729360012316D /* LoginViewController.swift */ = {isa = PBXFileReference; lastKnownFileType = sourcecode.swift; path = LoginViewController.swift; sourceTree = "<group>"; };
		0465B98D28F5D80D00E51CAF /* UIStackView+Extension.swift */ = {isa = PBXFileReference; lastKnownFileType = sourcecode.swift; path = "UIStackView+Extension.swift"; sourceTree = "<group>"; };
		0465B99128F5E05300E51CAF /* SignUpViewController.swift */ = {isa = PBXFileReference; lastKnownFileType = sourcecode.swift; path = SignUpViewController.swift; sourceTree = "<group>"; };
		0465B99328F5E20300E51CAF /* TextFieldFormView.swift */ = {isa = PBXFileReference; lastKnownFileType = sourcecode.swift; path = TextFieldFormView.swift; sourceTree = "<group>"; };
		0468B27B28F96BE8002DB71E /* SetupProfileViewController.swift */ = {isa = PBXFileReference; lastKnownFileType = sourcecode.swift; path = SetupProfileViewController.swift; sourceTree = "<group>"; };
		0468B27D28F96F59002DB71E /* SegmentedFormView.swift */ = {isa = PBXFileReference; lastKnownFileType = sourcecode.swift; path = SegmentedFormView.swift; sourceTree = "<group>"; };
		0468B28328F97CA7002DB71E /* AddPhotoView.swift */ = {isa = PBXFileReference; lastKnownFileType = sourcecode.swift; path = AddPhotoView.swift; sourceTree = "<group>"; };
		0468B28528F98457002DB71E /* UISegmentedControll.swift */ = {isa = PBXFileReference; lastKnownFileType = sourcecode.swift; path = UISegmentedControll.swift; sourceTree = "<group>"; };
		0468B28828F9B2F7002DB71E /* MainVC.swift */ = {isa = PBXFileReference; lastKnownFileType = sourcecode.swift; path = MainVC.swift; sourceTree = "<group>"; };
		0468B28A28F9B31B002DB71E /* PeopleVC.swift */ = {isa = PBXFileReference; lastKnownFileType = sourcecode.swift; path = PeopleVC.swift; sourceTree = "<group>"; };
		0468B28C28F9B34B002DB71E /* ConversationsVC.swift */ = {isa = PBXFileReference; lastKnownFileType = sourcecode.swift; path = ConversationsVC.swift; sourceTree = "<group>"; };
		0473E02A29085BC900D0F097 /* UIViewController+Extension.swift */ = {isa = PBXFileReference; lastKnownFileType = sourcecode.swift; path = "UIViewController+Extension.swift"; sourceTree = "<group>"; };
		04A3619529018F0D00B51981 /* ProfileVC.swift */ = {isa = PBXFileReference; lastKnownFileType = sourcecode.swift; path = ProfileVC.swift; sourceTree = "<group>"; };
		04A361972901B69700B51981 /* ChatRequestVC.swift */ = {isa = PBXFileReference; lastKnownFileType = sourcecode.swift; path = ChatRequestVC.swift; sourceTree = "<group>"; };
		04AE645A2900627E008E53BF /* ConfiguringCell.swift */ = {isa = PBXFileReference; lastKnownFileType = sourcecode.swift; path = ConfiguringCell.swift; sourceTree = "<group>"; };
		04AE645C2900646C008E53BF /* MUser.swift */ = {isa = PBXFileReference; lastKnownFileType = sourcecode.swift; path = MUser.swift; sourceTree = "<group>"; };
		04C510DC290012A900C4DDF5 /* MChat.swift */ = {isa = PBXFileReference; lastKnownFileType = sourcecode.swift; path = MChat.swift; sourceTree = "<group>"; };
		04C510DF2900284C00C4DDF5 /* WaitingChatCell.swift */ = {isa = PBXFileReference; lastKnownFileType = sourcecode.swift; path = WaitingChatCell.swift; sourceTree = "<group>"; };
		04C510E229002A2000C4DDF5 /* ActiveChatCell.swift */ = {isa = PBXFileReference; lastKnownFileType = sourcecode.swift; path = ActiveChatCell.swift; sourceTree = "<group>"; };
		04D691AB290A741700DBE1C2 /* FirestoreService.swift */ = {isa = PBXFileReference; lastKnownFileType = sourcecode.swift; path = FirestoreService.swift; sourceTree = "<group>"; };
		04D691AD290A77A300DBE1C2 /* UserErrors.swift */ = {isa = PBXFileReference; lastKnownFileType = sourcecode.swift; path = UserErrors.swift; sourceTree = "<group>"; };
		04DD72A728F464C400D01DD0 /* iChatApp.app */ = {isa = PBXFileReference; explicitFileType = wrapper.application; includeInIndex = 0; path = iChatApp.app; sourceTree = BUILT_PRODUCTS_DIR; };
		04DD72AA28F464C400D01DD0 /* AppDelegate.swift */ = {isa = PBXFileReference; lastKnownFileType = sourcecode.swift; path = AppDelegate.swift; sourceTree = "<group>"; };
		04DD72AC28F464C400D01DD0 /* SceneDelegate.swift */ = {isa = PBXFileReference; lastKnownFileType = sourcecode.swift; path = SceneDelegate.swift; sourceTree = "<group>"; };
		04DD72AE28F464C400D01DD0 /* AuthViewController.swift */ = {isa = PBXFileReference; lastKnownFileType = sourcecode.swift; path = AuthViewController.swift; sourceTree = "<group>"; };
		04DD72B328F464C600D01DD0 /* Assets.xcassets */ = {isa = PBXFileReference; lastKnownFileType = folder.assetcatalog; path = Assets.xcassets; sourceTree = "<group>"; };
		04DD72B628F464C600D01DD0 /* Base */ = {isa = PBXFileReference; lastKnownFileType = file.storyboard; name = Base; path = Base.lproj/LaunchScreen.storyboard; sourceTree = "<group>"; };
		04DD72B828F464C600D01DD0 /* Info.plist */ = {isa = PBXFileReference; lastKnownFileType = text.plist.xml; path = Info.plist; sourceTree = "<group>"; };
		04DD72C028F4716300D01DD0 /* UIButton+Extension.swift */ = {isa = PBXFileReference; lastKnownFileType = sourcecode.swift; path = "UIButton+Extension.swift"; sourceTree = "<group>"; };
		04DD72C228F4739200D01DD0 /* UIFont+Extension.swift */ = {isa = PBXFileReference; lastKnownFileType = sourcecode.swift; path = "UIFont+Extension.swift"; sourceTree = "<group>"; };
		04DD72C728F47AD100D01DD0 /* UILabel+Extension.swift */ = {isa = PBXFileReference; lastKnownFileType = sourcecode.swift; path = "UILabel+Extension.swift"; sourceTree = "<group>"; };
		04DD72C928F47B6700D01DD0 /* UIImageView+Extension.swift */ = {isa = PBXFileReference; lastKnownFileType = sourcecode.swift; path = "UIImageView+Extension.swift"; sourceTree = "<group>"; };
		04DD72CC28F4815300D01DD0 /* ButtonFormView.swift */ = {isa = PBXFileReference; lastKnownFileType = sourcecode.swift; path = ButtonFormView.swift; sourceTree = "<group>"; };
		04EE326A29094937002FD08A /* AuthErrors.swift */ = {isa = PBXFileReference; lastKnownFileType = sourcecode.swift; path = AuthErrors.swift; sourceTree = "<group>"; };
		04EE326D29095026002FD08A /* AuthNavigationDelegate.swift */ = {isa = PBXFileReference; lastKnownFileType = sourcecode.swift; path = AuthNavigationDelegate.swift; sourceTree = "<group>"; };
		D45A5C7B8ABE4FDAB4576DB6 /* Pods_iChatApp.framework */ = {isa = PBXFileReference; explicitFileType = wrapper.framework; includeInIndex = 0; path = Pods_iChatApp.framework; sourceTree = BUILT_PRODUCTS_DIR; };
		D60E2C053CADE72A405AAB3B /* Pods-iChatApp.release.xcconfig */ = {isa = PBXFileReference; includeInIndex = 1; lastKnownFileType = text.xcconfig; name = "Pods-iChatApp.release.xcconfig"; path = "Target Support Files/Pods-iChatApp/Pods-iChatApp.release.xcconfig"; sourceTree = "<group>"; };
		DDBCE242E2E9A8FEC10FB7FC /* Pods-iChatApp.debug.xcconfig */ = {isa = PBXFileReference; includeInIndex = 1; lastKnownFileType = text.xcconfig; name = "Pods-iChatApp.debug.xcconfig"; path = "Target Support Files/Pods-iChatApp/Pods-iChatApp.debug.xcconfig"; sourceTree = "<group>"; };
/* End PBXFileReference section */

/* Begin PBXFrameworksBuildPhase section */
		04DD72A428F464C400D01DD0 /* Frameworks */ = {
			isa = PBXFrameworksBuildPhase;
			buildActionMask = 2147483647;
			files = (
				A94D899E366F25CDA2DF57FF /* Pods_iChatApp.framework in Frameworks */,
			);
			runOnlyForDeploymentPostprocessing = 0;
		};
/* End PBXFrameworksBuildPhase section */

/* Begin PBXGroup section */
		044145BA28FEAE4300891C94 /* Helpers */ = {
			isa = PBXGroup;
			children = (
				04EE326A29094937002FD08A /* AuthErrors.swift */,
				04D691AD290A77A300DBE1C2 /* UserErrors.swift */,
				0422D4212909448300F9F223 /* Validation.swift */,
				044145B828FEAE3C00891C94 /* CompositionalLayout.swift */,
			);
			path = Helpers;
			sourceTree = "<group>";
		};
		045F8C9E28F711C50012316D /* Controllers */ = {
			isa = PBXGroup;
			children = (
				0473E02929085A4600D0F097 /* Main */,
				0468B28728F9B248002DB71E /* SignUp&Login */,
			);
			path = Controllers;
			sourceTree = "<group>";
		};
		0468B28728F9B248002DB71E /* SignUp&Login */ = {
			isa = PBXGroup;
			children = (
				0468B27B28F96BE8002DB71E /* SetupProfileViewController.swift */,
				045F8CBF28F729360012316D /* LoginViewController.swift */,
				0465B99128F5E05300E51CAF /* SignUpViewController.swift */,
				04DD72AE28F464C400D01DD0 /* AuthViewController.swift */,
			);
			path = "SignUp&Login";
			sourceTree = "<group>";
		};
		0473E02929085A4600D0F097 /* Main */ = {
			isa = PBXGroup;
			children = (
				0468B28828F9B2F7002DB71E /* MainVC.swift */,
				0468B28A28F9B31B002DB71E /* PeopleVC.swift */,
				0468B28C28F9B34B002DB71E /* ConversationsVC.swift */,
				04A3619529018F0D00B51981 /* ProfileVC.swift */,
				04A361972901B69700B51981 /* ChatRequestVC.swift */,
			);
			path = Main;
			sourceTree = "<group>";
		};
		04C510DE2900151200C4DDF5 /* Models */ = {
			isa = PBXGroup;
			children = (
				04C510DC290012A900C4DDF5 /* MChat.swift */,
				04AE645C2900646C008E53BF /* MUser.swift */,
			);
			path = Models;
			sourceTree = "<group>";
		};
		04C510E1290029FD00C4DDF5 /* Cells */ = {
			isa = PBXGroup;
			children = (
				04C510E229002A2000C4DDF5 /* ActiveChatCell.swift */,
				04C510DF2900284C00C4DDF5 /* WaitingChatCell.swift */,
				043BF6352906B3B700A7068C /* UserCell.swift */,
			);
			path = Cells;
			sourceTree = "<group>";
		};
		04DD729E28F464C400D01DD0 = {
			isa = PBXGroup;
			children = (
				04DD72A928F464C400D01DD0 /* iChatApp */,
				04DD72A828F464C400D01DD0 /* Products */,
				8BD370665C53013B937DA862 /* Pods */,
				BE85BCD638C47AB2181B7833 /* Frameworks */,
			);
			sourceTree = "<group>";
		};
		04DD72A828F464C400D01DD0 /* Products */ = {
			isa = PBXGroup;
			children = (
				04DD72A728F464C400D01DD0 /* iChatApp.app */,
			);
			name = Products;
			sourceTree = "<group>";
		};
		04DD72A928F464C400D01DD0 /* iChatApp */ = {
			isa = PBXGroup;
			children = (
				04DD72B828F464C600D01DD0 /* Info.plist */,
				0422D41C2909165B00F9F223 /* GoogleService-Info.plist */,
				04DD72BE28F466F600D01DD0 /* App */,
				04DD72C428F4749F00D01DD0 /* Extensions */,
				044145BA28FEAE4300891C94 /* Helpers */,
				04C510DE2900151200C4DDF5 /* Models */,
				04EE326F290970C9002FD08A /* Services */,
				04EE326C29095004002FD08A /* Protocols */,
				04C510E1290029FD00C4DDF5 /* Cells */,
				045F8C9E28F711C50012316D /* Controllers */,
			);
			path = iChatApp;
			sourceTree = "<group>";
		};
		04DD72BE28F466F600D01DD0 /* App */ = {
			isa = PBXGroup;
			children = (
				04DD72AA28F464C400D01DD0 /* AppDelegate.swift */,
				04DD72AC28F464C400D01DD0 /* SceneDelegate.swift */,
				04DD72BF28F466FD00D01DD0 /* Resources */,
			);
			path = App;
			sourceTree = "<group>";
		};
		04DD72BF28F466FD00D01DD0 /* Resources */ = {
			isa = PBXGroup;
			children = (
				04DD72B328F464C600D01DD0 /* Assets.xcassets */,
				04DD72B528F464C600D01DD0 /* LaunchScreen.storyboard */,
			);
			path = Resources;
			sourceTree = "<group>";
		};
		04DD72C428F4749F00D01DD0 /* Extensions */ = {
			isa = PBXGroup;
			children = (
				04DD72CB28F47E0500D01DD0 /* UIKit */,
				0468B28328F97CA7002DB71E /* AddPhotoView.swift */,
				04DD72CC28F4815300D01DD0 /* ButtonFormView.swift */,
				0468B27D28F96F59002DB71E /* SegmentedFormView.swift */,
				0465B99328F5E20300E51CAF /* TextFieldFormView.swift */,
				043BF6312906974B00A7068C /* InsertableTextField.swift */,
				043BF6332906A26100A7068C /* SectionHeaderView.swift */,
			);
			path = Extensions;
			sourceTree = "<group>";
		};
		04DD72CB28F47E0500D01DD0 /* UIKit */ = {
			isa = PBXGroup;
			children = (
				04DD72C228F4739200D01DD0 /* UIFont+Extension.swift */,
				0468B28528F98457002DB71E /* UISegmentedControll.swift */,
				04DD72C928F47B6700D01DD0 /* UIImageView+Extension.swift */,
				04DD72C728F47AD100D01DD0 /* UILabel+Extension.swift */,
				04DD72C028F4716300D01DD0 /* UIButton+Extension.swift */,
				0465B98D28F5D80D00E51CAF /* UIStackView+Extension.swift */,
				045F8C9C28F711570012316D /* UITextField+Extensions.swift */,
				0473E02A29085BC900D0F097 /* UIViewController+Extension.swift */,
			);
			path = UIKit;
			sourceTree = "<group>";
		};
		04EE326C29095004002FD08A /* Protocols */ = {
			isa = PBXGroup;
			children = (
				04AE645A2900627E008E53BF /* ConfiguringCell.swift */,
				04EE326D29095026002FD08A /* AuthNavigationDelegate.swift */,
			);
			path = Protocols;
			sourceTree = "<group>";
		};
		04EE326F290970C9002FD08A /* Services */ = {
			isa = PBXGroup;
			children = (
				0422D41F2909369D00F9F223 /* AuthService.swift */,
				04D691AB290A741700DBE1C2 /* FirestoreService.swift */,
			);
			path = Services;
			sourceTree = "<group>";
		};
		8BD370665C53013B937DA862 /* Pods */ = {
			isa = PBXGroup;
			children = (
				DDBCE242E2E9A8FEC10FB7FC /* Pods-iChatApp.debug.xcconfig */,
				D60E2C053CADE72A405AAB3B /* Pods-iChatApp.release.xcconfig */,
			);
			path = Pods;
			sourceTree = "<group>";
		};
		BE85BCD638C47AB2181B7833 /* Frameworks */ = {
			isa = PBXGroup;
			children = (
				D45A5C7B8ABE4FDAB4576DB6 /* Pods_iChatApp.framework */,
			);
			name = Frameworks;
			sourceTree = "<group>";
		};
/* End PBXGroup section */

/* Begin PBXNativeTarget section */
		04DD72A628F464C400D01DD0 /* iChatApp */ = {
			isa = PBXNativeTarget;
			buildConfigurationList = 04DD72BB28F464C600D01DD0 /* Build configuration list for PBXNativeTarget "iChatApp" */;
			buildPhases = (
				B6328E3849FA14BF1010A06F /* [CP] Check Pods Manifest.lock */,
				04DD72A328F464C400D01DD0 /* Sources */,
				04DD72A428F464C400D01DD0 /* Frameworks */,
				04DD72A528F464C400D01DD0 /* Resources */,
				44D5E45CBC7EB576D3A91B1D /* [CP] Embed Pods Frameworks */,
			);
			buildRules = (
			);
			dependencies = (
			);
			name = iChatApp;
			productName = iChatApp;
			productReference = 04DD72A728F464C400D01DD0 /* iChatApp.app */;
			productType = "com.apple.product-type.application";
		};
/* End PBXNativeTarget section */

/* Begin PBXProject section */
		04DD729F28F464C400D01DD0 /* Project object */ = {
			isa = PBXProject;
			attributes = {
				BuildIndependentTargetsInParallel = 1;
				LastSwiftUpdateCheck = 1320;
				LastUpgradeCheck = 1320;
				TargetAttributes = {
					04DD72A628F464C400D01DD0 = {
						CreatedOnToolsVersion = 13.2.1;
					};
				};
			};
			buildConfigurationList = 04DD72A228F464C400D01DD0 /* Build configuration list for PBXProject "iChatApp" */;
			compatibilityVersion = "Xcode 13.0";
			developmentRegion = en;
			hasScannedForEncodings = 0;
			knownRegions = (
				en,
				Base,
			);
			mainGroup = 04DD729E28F464C400D01DD0;
			productRefGroup = 04DD72A828F464C400D01DD0 /* Products */;
			projectDirPath = "";
			projectRoot = "";
			targets = (
				04DD72A628F464C400D01DD0 /* iChatApp */,
			);
		};
/* End PBXProject section */

/* Begin PBXResourcesBuildPhase section */
		04DD72A528F464C400D01DD0 /* Resources */ = {
			isa = PBXResourcesBuildPhase;
			buildActionMask = 2147483647;
			files = (
				04DD72B728F464C600D01DD0 /* LaunchScreen.storyboard in Resources */,
				04DD72B428F464C600D01DD0 /* Assets.xcassets in Resources */,
				0422D41D2909165B00F9F223 /* GoogleService-Info.plist in Resources */,
			);
			runOnlyForDeploymentPostprocessing = 0;
		};
/* End PBXResourcesBuildPhase section */

/* Begin PBXShellScriptBuildPhase section */
		44D5E45CBC7EB576D3A91B1D /* [CP] Embed Pods Frameworks */ = {
			isa = PBXShellScriptBuildPhase;
			buildActionMask = 2147483647;
			files = (
			);
			inputFileListPaths = (
				"${PODS_ROOT}/Target Support Files/Pods-iChatApp/Pods-iChatApp-frameworks-${CONFIGURATION}-input-files.xcfilelist",
			);
			name = "[CP] Embed Pods Frameworks";
			outputFileListPaths = (
				"${PODS_ROOT}/Target Support Files/Pods-iChatApp/Pods-iChatApp-frameworks-${CONFIGURATION}-output-files.xcfilelist",
			);
			runOnlyForDeploymentPostprocessing = 0;
			shellPath = /bin/sh;
			shellScript = "\"${PODS_ROOT}/Target Support Files/Pods-iChatApp/Pods-iChatApp-frameworks.sh\"\n";
			showEnvVarsInLog = 0;
		};
		B6328E3849FA14BF1010A06F /* [CP] Check Pods Manifest.lock */ = {
			isa = PBXShellScriptBuildPhase;
			buildActionMask = 2147483647;
			files = (
			);
			inputFileListPaths = (
			);
			inputPaths = (
				"${PODS_PODFILE_DIR_PATH}/Podfile.lock",
				"${PODS_ROOT}/Manifest.lock",
			);
			name = "[CP] Check Pods Manifest.lock";
			outputFileListPaths = (
			);
			outputPaths = (
				"$(DERIVED_FILE_DIR)/Pods-iChatApp-checkManifestLockResult.txt",
			);
			runOnlyForDeploymentPostprocessing = 0;
			shellPath = /bin/sh;
			shellScript = "diff \"${PODS_PODFILE_DIR_PATH}/Podfile.lock\" \"${PODS_ROOT}/Manifest.lock\" > /dev/null\nif [ $? != 0 ] ; then\n    # print error to STDERR\n    echo \"error: The sandbox is not in sync with the Podfile.lock. Run 'pod install' or update your CocoaPods installation.\" >&2\n    exit 1\nfi\n# This output is used by Xcode 'outputs' to avoid re-running this script phase.\necho \"SUCCESS\" > \"${SCRIPT_OUTPUT_FILE_0}\"\n";
			showEnvVarsInLog = 0;
		};
/* End PBXShellScriptBuildPhase section */

/* Begin PBXSourcesBuildPhase section */
		04DD72A328F464C400D01DD0 /* Sources */ = {
			isa = PBXSourcesBuildPhase;
			buildActionMask = 2147483647;
			files = (
				04EE326E29095026002FD08A /* AuthNavigationDelegate.swift in Sources */,
				04D691AC290A741700DBE1C2 /* FirestoreService.swift in Sources */,
				0473E02B29085BC900D0F097 /* UIViewController+Extension.swift in Sources */,
				04DD72C328F4739200D01DD0 /* UIFont+Extension.swift in Sources */,
				0468B27E28F96F59002DB71E /* SegmentedFormView.swift in Sources */,
				04DD72AF28F464C400D01DD0 /* AuthViewController.swift in Sources */,
				0468B28928F9B2F7002DB71E /* MainVC.swift in Sources */,
				04EE326B29094937002FD08A /* AuthErrors.swift in Sources */,
				043BF6322906974B00A7068C /* InsertableTextField.swift in Sources */,
				04D691AE290A77A300DBE1C2 /* UserErrors.swift in Sources */,
				04DD72C128F4716300D01DD0 /* UIButton+Extension.swift in Sources */,
				04AE645D2900646C008E53BF /* MUser.swift in Sources */,
				0468B28B28F9B31B002DB71E /* PeopleVC.swift in Sources */,
				04DD72CD28F4815300D01DD0 /* ButtonFormView.swift in Sources */,
				0465B99228F5E05300E51CAF /* SignUpViewController.swift in Sources */,
				0465B99428F5E20300E51CAF /* TextFieldFormView.swift in Sources */,
				043BF6342906A26100A7068C /* SectionHeaderView.swift in Sources */,
				0468B28628F98457002DB71E /* UISegmentedControll.swift in Sources */,
				04DD72CA28F47B6700D01DD0 /* UIImageView+Extension.swift in Sources */,
				0468B28D28F9B34B002DB71E /* ConversationsVC.swift in Sources */,
				0465B98E28F5D80D00E51CAF /* UIStackView+Extension.swift in Sources */,
				04DD72C828F47AD100D01DD0 /* UILabel+Extension.swift in Sources */,
				04A361982901B69700B51981 /* ChatRequestVC.swift in Sources */,
				04A3619629018F0D00B51981 /* ProfileVC.swift in Sources */,
				04AE645B2900627E008E53BF /* ConfiguringCell.swift in Sources */,
				044145B928FEAE3C00891C94 /* CompositionalLayout.swift in Sources */,
				0468B27C28F96BE8002DB71E /* SetupProfileViewController.swift in Sources */,
				04C510E02900284C00C4DDF5 /* WaitingChatCell.swift in Sources */,
				0468B28428F97CA7002DB71E /* AddPhotoView.swift in Sources */,
				04C510DD290012A900C4DDF5 /* MChat.swift in Sources */,
				0422D4222909448400F9F223 /* Validation.swift in Sources */,
				04C510E329002A2000C4DDF5 /* ActiveChatCell.swift in Sources */,
				0422D4202909369D00F9F223 /* AuthService.swift in Sources */,
				045F8C9D28F711570012316D /* UITextField+Extensions.swift in Sources */,
				04DD72AB28F464C400D01DD0 /* AppDelegate.swift in Sources */,
				043BF6362906B3B700A7068C /* UserCell.swift in Sources */,
				045F8CC028F729360012316D /* LoginViewController.swift in Sources */,
				04DD72AD28F464C400D01DD0 /* SceneDelegate.swift in Sources */,
			);
			runOnlyForDeploymentPostprocessing = 0;
		};
/* End PBXSourcesBuildPhase section */

/* Begin PBXVariantGroup section */
		04DD72B528F464C600D01DD0 /* LaunchScreen.storyboard */ = {
			isa = PBXVariantGroup;
			children = (
				04DD72B628F464C600D01DD0 /* Base */,
			);
			name = LaunchScreen.storyboard;
			sourceTree = "<group>";
		};
/* End PBXVariantGroup section */

/* Begin XCBuildConfiguration section */
		04DD72B928F464C600D01DD0 /* Debug */ = {
			isa = XCBuildConfiguration;
			buildSettings = {
				ALWAYS_SEARCH_USER_PATHS = NO;
				CLANG_ANALYZER_NONNULL = YES;
				CLANG_ANALYZER_NUMBER_OBJECT_CONVERSION = YES_AGGRESSIVE;
				CLANG_CXX_LANGUAGE_STANDARD = "gnu++17";
				CLANG_CXX_LIBRARY = "libc++";
				CLANG_ENABLE_MODULES = YES;
				CLANG_ENABLE_OBJC_ARC = YES;
				CLANG_ENABLE_OBJC_WEAK = YES;
				CLANG_WARN_BLOCK_CAPTURE_AUTORELEASING = YES;
				CLANG_WARN_BOOL_CONVERSION = YES;
				CLANG_WARN_COMMA = YES;
				CLANG_WARN_CONSTANT_CONVERSION = YES;
				CLANG_WARN_DEPRECATED_OBJC_IMPLEMENTATIONS = YES;
				CLANG_WARN_DIRECT_OBJC_ISA_USAGE = YES_ERROR;
				CLANG_WARN_DOCUMENTATION_COMMENTS = YES;
				CLANG_WARN_EMPTY_BODY = YES;
				CLANG_WARN_ENUM_CONVERSION = YES;
				CLANG_WARN_INFINITE_RECURSION = YES;
				CLANG_WARN_INT_CONVERSION = YES;
				CLANG_WARN_NON_LITERAL_NULL_CONVERSION = YES;
				CLANG_WARN_OBJC_IMPLICIT_RETAIN_SELF = YES;
				CLANG_WARN_OBJC_LITERAL_CONVERSION = YES;
				CLANG_WARN_OBJC_ROOT_CLASS = YES_ERROR;
				CLANG_WARN_QUOTED_INCLUDE_IN_FRAMEWORK_HEADER = YES;
				CLANG_WARN_RANGE_LOOP_ANALYSIS = YES;
				CLANG_WARN_STRICT_PROTOTYPES = YES;
				CLANG_WARN_SUSPICIOUS_MOVE = YES;
				CLANG_WARN_UNGUARDED_AVAILABILITY = YES_AGGRESSIVE;
				CLANG_WARN_UNREACHABLE_CODE = YES;
				CLANG_WARN__DUPLICATE_METHOD_MATCH = YES;
				COPY_PHASE_STRIP = NO;
				DEBUG_INFORMATION_FORMAT = dwarf;
				ENABLE_STRICT_OBJC_MSGSEND = YES;
				ENABLE_TESTABILITY = YES;
				GCC_C_LANGUAGE_STANDARD = gnu11;
				GCC_DYNAMIC_NO_PIC = NO;
				GCC_NO_COMMON_BLOCKS = YES;
				GCC_OPTIMIZATION_LEVEL = 0;
				GCC_PREPROCESSOR_DEFINITIONS = (
					"DEBUG=1",
					"$(inherited)",
				);
				GCC_WARN_64_TO_32_BIT_CONVERSION = YES;
				GCC_WARN_ABOUT_RETURN_TYPE = YES_ERROR;
				GCC_WARN_UNDECLARED_SELECTOR = YES;
				GCC_WARN_UNINITIALIZED_AUTOS = YES_AGGRESSIVE;
				GCC_WARN_UNUSED_FUNCTION = YES;
				GCC_WARN_UNUSED_VARIABLE = YES;
				IPHONEOS_DEPLOYMENT_TARGET = 15.2;
				MTL_ENABLE_DEBUG_INFO = INCLUDE_SOURCE;
				MTL_FAST_MATH = YES;
				ONLY_ACTIVE_ARCH = YES;
				SDKROOT = iphoneos;
				SWIFT_ACTIVE_COMPILATION_CONDITIONS = DEBUG;
				SWIFT_OPTIMIZATION_LEVEL = "-Onone";
			};
			name = Debug;
		};
		04DD72BA28F464C600D01DD0 /* Release */ = {
			isa = XCBuildConfiguration;
			buildSettings = {
				ALWAYS_SEARCH_USER_PATHS = NO;
				CLANG_ANALYZER_NONNULL = YES;
				CLANG_ANALYZER_NUMBER_OBJECT_CONVERSION = YES_AGGRESSIVE;
				CLANG_CXX_LANGUAGE_STANDARD = "gnu++17";
				CLANG_CXX_LIBRARY = "libc++";
				CLANG_ENABLE_MODULES = YES;
				CLANG_ENABLE_OBJC_ARC = YES;
				CLANG_ENABLE_OBJC_WEAK = YES;
				CLANG_WARN_BLOCK_CAPTURE_AUTORELEASING = YES;
				CLANG_WARN_BOOL_CONVERSION = YES;
				CLANG_WARN_COMMA = YES;
				CLANG_WARN_CONSTANT_CONVERSION = YES;
				CLANG_WARN_DEPRECATED_OBJC_IMPLEMENTATIONS = YES;
				CLANG_WARN_DIRECT_OBJC_ISA_USAGE = YES_ERROR;
				CLANG_WARN_DOCUMENTATION_COMMENTS = YES;
				CLANG_WARN_EMPTY_BODY = YES;
				CLANG_WARN_ENUM_CONVERSION = YES;
				CLANG_WARN_INFINITE_RECURSION = YES;
				CLANG_WARN_INT_CONVERSION = YES;
				CLANG_WARN_NON_LITERAL_NULL_CONVERSION = YES;
				CLANG_WARN_OBJC_IMPLICIT_RETAIN_SELF = YES;
				CLANG_WARN_OBJC_LITERAL_CONVERSION = YES;
				CLANG_WARN_OBJC_ROOT_CLASS = YES_ERROR;
				CLANG_WARN_QUOTED_INCLUDE_IN_FRAMEWORK_HEADER = YES;
				CLANG_WARN_RANGE_LOOP_ANALYSIS = YES;
				CLANG_WARN_STRICT_PROTOTYPES = YES;
				CLANG_WARN_SUSPICIOUS_MOVE = YES;
				CLANG_WARN_UNGUARDED_AVAILABILITY = YES_AGGRESSIVE;
				CLANG_WARN_UNREACHABLE_CODE = YES;
				CLANG_WARN__DUPLICATE_METHOD_MATCH = YES;
				COPY_PHASE_STRIP = NO;
				DEBUG_INFORMATION_FORMAT = "dwarf-with-dsym";
				ENABLE_NS_ASSERTIONS = NO;
				ENABLE_STRICT_OBJC_MSGSEND = YES;
				GCC_C_LANGUAGE_STANDARD = gnu11;
				GCC_NO_COMMON_BLOCKS = YES;
				GCC_WARN_64_TO_32_BIT_CONVERSION = YES;
				GCC_WARN_ABOUT_RETURN_TYPE = YES_ERROR;
				GCC_WARN_UNDECLARED_SELECTOR = YES;
				GCC_WARN_UNINITIALIZED_AUTOS = YES_AGGRESSIVE;
				GCC_WARN_UNUSED_FUNCTION = YES;
				GCC_WARN_UNUSED_VARIABLE = YES;
				IPHONEOS_DEPLOYMENT_TARGET = 15.2;
				MTL_ENABLE_DEBUG_INFO = NO;
				MTL_FAST_MATH = YES;
				SDKROOT = iphoneos;
				SWIFT_COMPILATION_MODE = wholemodule;
				SWIFT_OPTIMIZATION_LEVEL = "-O";
				VALIDATE_PRODUCT = YES;
			};
			name = Release;
		};
		04DD72BC28F464C600D01DD0 /* Debug */ = {
			isa = XCBuildConfiguration;
			baseConfigurationReference = DDBCE242E2E9A8FEC10FB7FC /* Pods-iChatApp.debug.xcconfig */;
			buildSettings = {
				ASSETCATALOG_COMPILER_APPICON_NAME = AppIcon;
				ASSETCATALOG_COMPILER_GLOBAL_ACCENT_COLOR_NAME = AccentColor;
				CODE_SIGN_STYLE = Automatic;
				CURRENT_PROJECT_VERSION = 1;
				DEVELOPMENT_TEAM = PY76VYDPK7;
				GENERATE_INFOPLIST_FILE = YES;
				INFOPLIST_FILE = iChatApp/Info.plist;
				INFOPLIST_KEY_UIApplicationSupportsIndirectInputEvents = YES;
				INFOPLIST_KEY_UILaunchStoryboardName = LaunchScreen;
				INFOPLIST_KEY_UISupportedInterfaceOrientations = UIInterfaceOrientationPortrait;
				INFOPLIST_KEY_UISupportedInterfaceOrientations_iPad = "UIInterfaceOrientationPortrait UIInterfaceOrientationPortraitUpsideDown UIInterfaceOrientationLandscapeLeft UIInterfaceOrientationLandscapeRight";
				INFOPLIST_KEY_UISupportedInterfaceOrientations_iPhone = "UIInterfaceOrientationPortrait UIInterfaceOrientationLandscapeLeft UIInterfaceOrientationLandscapeRight";
				LD_RUNPATH_SEARCH_PATHS = (
					"$(inherited)",
					"@executable_path/Frameworks",
				);
				MARKETING_VERSION = 1.0;
				PRODUCT_BUNDLE_IDENTIFIER = Home.iChatApp;
				PRODUCT_NAME = "$(TARGET_NAME)";
				SWIFT_EMIT_LOC_STRINGS = YES;
				SWIFT_VERSION = 5.0;
				TARGETED_DEVICE_FAMILY = 1;
			};
			name = Debug;
		};
		04DD72BD28F464C600D01DD0 /* Release */ = {
			isa = XCBuildConfiguration;
			baseConfigurationReference = D60E2C053CADE72A405AAB3B /* Pods-iChatApp.release.xcconfig */;
			buildSettings = {
				ASSETCATALOG_COMPILER_APPICON_NAME = AppIcon;
				ASSETCATALOG_COMPILER_GLOBAL_ACCENT_COLOR_NAME = AccentColor;
				CODE_SIGN_STYLE = Automatic;
				CURRENT_PROJECT_VERSION = 1;
				DEVELOPMENT_TEAM = PY76VYDPK7;
				GENERATE_INFOPLIST_FILE = YES;
				INFOPLIST_FILE = iChatApp/Info.plist;
				INFOPLIST_KEY_UIApplicationSupportsIndirectInputEvents = YES;
				INFOPLIST_KEY_UILaunchStoryboardName = LaunchScreen;
				INFOPLIST_KEY_UISupportedInterfaceOrientations = UIInterfaceOrientationPortrait;
				INFOPLIST_KEY_UISupportedInterfaceOrientations_iPad = "UIInterfaceOrientationPortrait UIInterfaceOrientationPortraitUpsideDown UIInterfaceOrientationLandscapeLeft UIInterfaceOrientationLandscapeRight";
				INFOPLIST_KEY_UISupportedInterfaceOrientations_iPhone = "UIInterfaceOrientationPortrait UIInterfaceOrientationLandscapeLeft UIInterfaceOrientationLandscapeRight";
				LD_RUNPATH_SEARCH_PATHS = (
					"$(inherited)",
					"@executable_path/Frameworks",
				);
				MARKETING_VERSION = 1.0;
				PRODUCT_BUNDLE_IDENTIFIER = Home.iChatApp;
				PRODUCT_NAME = "$(TARGET_NAME)";
				SWIFT_EMIT_LOC_STRINGS = YES;
				SWIFT_VERSION = 5.0;
				TARGETED_DEVICE_FAMILY = 1;
			};
			name = Release;
		};
/* End XCBuildConfiguration section */

/* Begin XCConfigurationList section */
		04DD72A228F464C400D01DD0 /* Build configuration list for PBXProject "iChatApp" */ = {
			isa = XCConfigurationList;
			buildConfigurations = (
				04DD72B928F464C600D01DD0 /* Debug */,
				04DD72BA28F464C600D01DD0 /* Release */,
			);
			defaultConfigurationIsVisible = 0;
			defaultConfigurationName = Release;
		};
		04DD72BB28F464C600D01DD0 /* Build configuration list for PBXNativeTarget "iChatApp" */ = {
			isa = XCConfigurationList;
			buildConfigurations = (
				04DD72BC28F464C600D01DD0 /* Debug */,
				04DD72BD28F464C600D01DD0 /* Release */,
			);
			defaultConfigurationIsVisible = 0;
			defaultConfigurationName = Release;
		};
/* End XCConfigurationList section */
	};
	rootObject = 04DD729F28F464C400D01DD0 /* Project object */;
}
